hash: 6440fbb001c9acaeba825a1e889f03eaa8f0f6f6b579432ec96eaaa1b553c81f
updated: 2019-06-12T10:14:34.741707088-05:00
imports:
- name: github.com/btcsuitereleases/btcutil
  version: f2b1058a82554c0c7c3b8809c5956c38374604d8
  subpackages:
  - base58
- name: github.com/FactomProject/basen
  version: fe3947df716ebfda9847eb1b9a48f9592e06478c
- name: github.com/FactomProject/btcutil
  version: 43986820ccd50b2b02b83e575cb3a39c87457482
  subpackages:
  - base58
- name: github.com/FactomProject/btcutilecc
  version: d3a63a5752ecf3fbc06bd97365da752111c263df
- name: github.com/FactomProject/cli
  version: 45b367ff72df176679318c157a56e436cd5e00dc
- name: github.com/FactomProject/ed25519
  version: 38002c4fe7b609c2fa3144a3cc29b997b756bb4c
  subpackages:
  - edwards25519
- name: github.com/FactomProject/factom
  version: 0483d598b4413d1a2653ae263d4c1b39de7db896
- name: github.com/FactomProject/factomd
  version: c429cbf87dd732ffaf95663fa2b5ab900e33e04d
  subpackages:
  - activations
  - common/constants
  - common/globals
  - common/interfaces
  - common/primitives
  - common/primitives/random
  - log
  - util
  - util/atomic
- name: github.com/FactomProject/go-bip32
  version: 3b593af1c415abc1017648e4eb24a88c32fee0f3
- name: github.com/FactomProject/go-bip39
  version: d1007fb78d9a7ec65314dad412973e63caf4c527
- name: github.com/FactomProject/go-bip44
  version: b541a96d8da98567af7610ef96105a834e6ed46c
- name: github.com/FactomProject/go-simplejson
  version: aabad6e819789e569bd6aabf444c935aa9ba1e44
- name: github.com/FactomProject/goleveldb
  version: e7800c6976c5d75f0a9c5e9e0e2ff8086940e58f
  subpackages:
  - leveldb/errors
  - leveldb/storage
  - leveldb/util
- name: github.com/FactomProject/netki-go-partner-client
  version: 426acb535e66cc2f9e6226ae254555e3572fd142
- name: github.com/hashicorp/errwrap
  version: 8a6fb523712970c966eefc6b39ed2c5e74880354
- name: github.com/hashicorp/go-multierror
  version: 886a7fbe3eb1c874d46f623bfa70af45f425b3d1
- name: github.com/konsorten/go-windows-terminal-sequences
  version: 5c8c8bd35d3832f5d134ae1e1e375b69a4d25242
- name: github.com/posener/complete
  version: 3ef9b31a6a0613ae832e7ecf208374027c3b2343
  subpackages:
  - cmd
  - cmd/install
  - match
- name: github.com/sirupsen/logrus
  version: 566a5f690849162ff53cf98f3c42135389d63f95
- name: golang.org/x/crypto
  version: 4d3f4d9ffa16a13f451c3b2999e9c49e9750bf06
  subpackages:
  - pbkdf2
  - ripemd160
  - ssh/terminal
- name: golang.org/x/sys
  version: 7e31e0c00fa05cb5fbf4347b585621d6709e19a4
  subpackages:
  - unix
  - windows
- name: gopkg.in/gcfg.v1
  version: 61b2c08bc8f6068f7c5ca684372f9a6cb1c45ebe
  subpackages:
  - scanner
  - token
  - types
- name: gopkg.in/warnings.v0
  version: ec4a0fea49c7b46c2aeb0b51aac55779c607e52b
testImports: []
