hash: 2270e472db082f69c2266ce850d6a6e85258d578fccf0ac5375c5d3a60d8ca12
updated: 2018-10-31T11:45:09.205563696-05:00
imports:
- name: github.com/btcsuitereleases/btcutil
  version: f2b1058a82554c0c7c3b8809c5956c38374604d8
  subpackages:
  - base58
- name: github.com/FactomProject/basen
  version: fe3947df716ebfda9847eb1b9a48f9592e06478c
- name: github.com/FactomProject/btcutil
  version: 43986820ccd50b2b02b83e575cb3a39c87457482
  subpackages:
  - base58
- name: github.com/FactomProject/btcutilecc
  version: d3a63a5752ecf3fbc06bd97365da752111c263df
- name: github.com/FactomProject/cli
  version: 45b367ff72df176679318c157a56e436cd5e00dc
- name: github.com/FactomProject/ed25519
  version: 38002c4fe7b609c2fa3144a3cc29b997b756bb4c
  subpackages:
  - edwards25519
- name: github.com/FactomProject/factom
  version: b73c7ec4619ff26df17e9cb8d26fbd3bbb8d01ea
- name: github.com/FactomProject/factomd
  version: 3ef8427e3fe86e430ddfd147cbed630ad1686279
  subpackages:
  - activations
  - common/constants
  - common/globals
  - common/interfaces
  - common/primitives
  - common/primitives/random
  - log
  - util
- name: github.com/FactomProject/go-bip32
  version: 3b593af1c415abc1017648e4eb24a88c32fee0f3
- name: github.com/FactomProject/go-bip39
  version: d1007fb78d9a7ec65314dad412973e63caf4c527
- name: github.com/FactomProject/go-bip44
  version: fd672f46ddc35bb381f497f7b64c9cf34f9e0703
- name: github.com/FactomProject/go-simplejson
  version: aabad6e819789e569bd6aabf444c935aa9ba1e44
- name: github.com/FactomProject/goleveldb
  version: e7800c6976c5d75f0a9c5e9e0e2ff8086940e58f
  subpackages:
  - leveldb/errors
  - leveldb/storage
  - leveldb/util
- name: github.com/FactomProject/netki-go-partner-client
  version: 426acb535e66cc2f9e6226ae254555e3572fd142
- name: github.com/konsorten/go-windows-terminal-sequences
  version: 5c8c8bd35d3832f5d134ae1e1e375b69a4d25242
- name: github.com/sirupsen/logrus
  version: fd2308367ebd427ec910c1ac82f3805db3de1918
- name: golang.org/x/crypto
  version: 4d3f4d9ffa16a13f451c3b2999e9c49e9750bf06
  subpackages:
  - pbkdf2
  - ripemd160
  - ssh/terminal
- name: golang.org/x/sys
  version: 9b800f95dbbc54abff0acf7ee32d88ba4e328c89
  subpackages:
  - unix
  - windows
- name: gopkg.in/gcfg.v1
  version: 61b2c08bc8f6068f7c5ca684372f9a6cb1c45ebe
  subpackages:
  - scanner
  - token
  - types
- name: gopkg.in/warnings.v0
  version: ec4a0fea49c7b46c2aeb0b51aac55779c607e52b
testImports: []
